// !$*UTF8*$!
{
	archiveVersion = 1;
	classes = {
	};
	objectVersion = 46;
	objects = {

/* Begin PBXBuildFile section */
		6B99704D1B82FE05003E8D87 /* main.m in Sources */ = {isa = PBXBuildFile; fileRef = 6B99704C1B82FE05003E8D87 /* main.m */; };
		6B9970501B82FE05003E8D87 /* AppDelegate.m in Sources */ = {isa = PBXBuildFile; fileRef = 6B99704F1B82FE05003E8D87 /* AppDelegate.m */; };
		6B9970531B82FE05003E8D87 /* ViewController.m in Sources */ = {isa = PBXBuildFile; fileRef = 6B9970521B82FE05003E8D87 /* ViewController.m */; };
		6B9970561B82FE05003E8D87 /* Main.storyboard in Resources */ = {isa = PBXBuildFile; fileRef = 6B9970541B82FE05003E8D87 /* Main.storyboard */; };
		6B9970581B82FE05003E8D87 /* Images.xcassets in Resources */ = {isa = PBXBuildFile; fileRef = 6B9970571B82FE05003E8D87 /* Images.xcassets */; };
		6B99705B1B82FE05003E8D87 /* LaunchScreen.xib in Resources */ = {isa = PBXBuildFile; fileRef = 6B9970591B82FE05003E8D87 /* LaunchScreen.xib */; };
		6B9970671B82FE05003E8D87 /* KKScanner_OCTests.m in Sources */ = {isa = PBXBuildFile; fileRef = 6B9970661B82FE05003E8D87 /* KKScanner_OCTests.m */; };
		6B9970711B830061003E8D87 /* AVFoundation.framework in Frameworks */ = {isa = PBXBuildFile; fileRef = 6B9970701B830061003E8D87 /* AVFoundation.framework */; };
		6B9970741B8314EE003E8D87 /* CardScannerController.m in Sources */ = {isa = PBXBuildFile; fileRef = 6B9970731B8314EE003E8D87 /* CardScannerController.m */; };
		6B99707F1B8315C8003E8D87 /* libCardIO.a in Frameworks */ = {isa = PBXBuildFile; fileRef = 6B99707E1B8315C8003E8D87 /* libCardIO.a */; };
		6B9970811B83160D003E8D87 /* CoreMedia.framework in Frameworks */ = {isa = PBXBuildFile; fileRef = 6B9970801B83160D003E8D87 /* CoreMedia.framework */; };
		6B9970831B831614003E8D87 /* AudioToolbox.framework in Frameworks */ = {isa = PBXBuildFile; fileRef = 6B9970821B831614003E8D87 /* AudioToolbox.framework */; };
		6B9970851B83161D003E8D87 /* MobileCoreServices.framework in Frameworks */ = {isa = PBXBuildFile; fileRef = 6B9970841B83161D003E8D87 /* MobileCoreServices.framework */; };
/* End PBXBuildFile section */

/* Begin PBXContainerItemProxy section */
		6B9970611B82FE05003E8D87 /* PBXContainerItemProxy */ = {
			isa = PBXContainerItemProxy;
			containerPortal = 6B99703F1B82FE05003E8D87 /* Project object */;
			proxyType = 1;
			remoteGlobalIDString = 6B9970461B82FE05003E8D87;
			remoteInfo = "KKScanner-OC";
		};
/* End PBXContainerItemProxy section */

/* Begin PBXFileReference section */
		6B9970471B82FE05003E8D87 /* KKScanner-OC.app */ = {isa = PBXFileReference; explicitFileType = wrapper.application; includeInIndex = 0; path = "KKScanner-OC.app"; sourceTree = BUILT_PRODUCTS_DIR; };
		6B99704B1B82FE05003E8D87 /* Info.plist */ = {isa = PBXFileReference; lastKnownFileType = text.plist.xml; path = Info.plist; sourceTree = "<group>"; };
		6B99704C1B82FE05003E8D87 /* main.m */ = {isa = PBXFileReference; lastKnownFileType = sourcecode.c.objc; path = main.m; sourceTree = "<group>"; };
		6B99704E1B82FE05003E8D87 /* AppDelegate.h */ = {isa = PBXFileReference; lastKnownFileType = sourcecode.c.h; path = AppDelegate.h; sourceTree = "<group>"; };
		6B99704F1B82FE05003E8D87 /* AppDelegate.m */ = {isa = PBXFileReference; lastKnownFileType = sourcecode.c.objc; path = AppDelegate.m; sourceTree = "<group>"; };
		6B9970511B82FE05003E8D87 /* ViewController.h */ = {isa = PBXFileReference; lastKnownFileType = sourcecode.c.h; path = ViewController.h; sourceTree = "<group>"; };
		6B9970521B82FE05003E8D87 /* ViewController.m */ = {isa = PBXFileReference; lastKnownFileType = sourcecode.c.objc; path = ViewController.m; sourceTree = "<group>"; };
		6B9970551B82FE05003E8D87 /* Base */ = {isa = PBXFileReference; lastKnownFileType = file.storyboard; name = Base; path = Base.lproj/Main.storyboard; sourceTree = "<group>"; };
		6B9970571B82FE05003E8D87 /* Images.xcassets */ = {isa = PBXFileReference; lastKnownFileType = folder.assetcatalog; path = Images.xcassets; sourceTree = "<group>"; };
		6B99705A1B82FE05003E8D87 /* Base */ = {isa = PBXFileReference; lastKnownFileType = file.xib; name = Base; path = Base.lproj/LaunchScreen.xib; sourceTree = "<group>"; };
		6B9970601B82FE05003E8D87 /* KKScanner-OCTests.xctest */ = {isa = PBXFileReference; explicitFileType = wrapper.cfbundle; includeInIndex = 0; path = "KKScanner-OCTests.xctest"; sourceTree = BUILT_PRODUCTS_DIR; };
		6B9970651B82FE05003E8D87 /* Info.plist */ = {isa = PBXFileReference; lastKnownFileType = text.plist.xml; path = Info.plist; sourceTree = "<group>"; };
		6B9970661B82FE05003E8D87 /* KKScanner_OCTests.m */ = {isa = PBXFileReference; lastKnownFileType = sourcecode.c.objc; path = KKScanner_OCTests.m; sourceTree = "<group>"; };
		6B9970701B830061003E8D87 /* AVFoundation.framework */ = {isa = PBXFileReference; lastKnownFileType = wrapper.framework; name = AVFoundation.framework; path = System/Library/Frameworks/AVFoundation.framework; sourceTree = SDKROOT; };
		6B9970721B8314EE003E8D87 /* CardScannerController.h */ = {isa = PBXFileReference; fileEncoding = 4; lastKnownFileType = sourcecode.c.h; path = CardScannerController.h; sourceTree = "<group>"; };
		6B9970731B8314EE003E8D87 /* CardScannerController.m */ = {isa = PBXFileReference; fileEncoding = 4; lastKnownFileType = sourcecode.c.objc; path = CardScannerController.m; sourceTree = "<group>"; };
		6B9970761B8315C8003E8D87 /* CardIO.h */ = {isa = PBXFileReference; fileEncoding = 4; lastKnownFileType = sourcecode.c.h; path = CardIO.h; sourceTree = "<group>"; };
		6B9970771B8315C8003E8D87 /* CardIOCreditCardInfo.h */ = {isa = PBXFileReference; fileEncoding = 4; lastKnownFileType = sourcecode.c.h; path = CardIOCreditCardInfo.h; sourceTree = "<group>"; };
		6B9970781B8315C8003E8D87 /* CardIODetectionMode.h */ = {isa = PBXFileReference; fileEncoding = 4; lastKnownFileType = sourcecode.c.h; path = CardIODetectionMode.h; sourceTree = "<group>"; };
		6B9970791B8315C8003E8D87 /* CardIOPaymentViewController.h */ = {isa = PBXFileReference; fileEncoding = 4; lastKnownFileType = sourcecode.c.h; path = CardIOPaymentViewController.h; sourceTree = "<group>"; };
		6B99707A1B8315C8003E8D87 /* CardIOPaymentViewControllerDelegate.h */ = {isa = PBXFileReference; fileEncoding = 4; lastKnownFileType = sourcecode.c.h; path = CardIOPaymentViewControllerDelegate.h; sourceTree = "<group>"; };
		6B99707B1B8315C8003E8D87 /* CardIOUtilities.h */ = {isa = PBXFileReference; fileEncoding = 4; lastKnownFileType = sourcecode.c.h; path = CardIOUtilities.h; sourceTree = "<group>"; };
		6B99707C1B8315C8003E8D87 /* CardIOView.h */ = {isa = PBXFileReference; fileEncoding = 4; lastKnownFileType = sourcecode.c.h; path = CardIOView.h; sourceTree = "<group>"; };
		6B99707D1B8315C8003E8D87 /* CardIOViewDelegate.h */ = {isa = PBXFileReference; fileEncoding = 4; lastKnownFileType = sourcecode.c.h; path = CardIOViewDelegate.h; sourceTree = "<group>"; };
		6B99707E1B8315C8003E8D87 /* libCardIO.a */ = {isa = PBXFileReference; lastKnownFileType = archive.ar; path = libCardIO.a; sourceTree = "<group>"; };
		6B9970801B83160D003E8D87 /* CoreMedia.framework */ = {isa = PBXFileReference; lastKnownFileType = wrapper.framework; name = CoreMedia.framework; path = System/Library/Frameworks/CoreMedia.framework; sourceTree = SDKROOT; };
		6B9970821B831614003E8D87 /* AudioToolbox.framework */ = {isa = PBXFileReference; lastKnownFileType = wrapper.framework; name = AudioToolbox.framework; path = System/Library/Frameworks/AudioToolbox.framework; sourceTree = SDKROOT; };
		6B9970841B83161D003E8D87 /* MobileCoreServices.framework */ = {isa = PBXFileReference; lastKnownFileType = wrapper.framework; name = MobileCoreServices.framework; path = System/Library/Frameworks/MobileCoreServices.framework; sourceTree = SDKROOT; };
/* End PBXFileReference section */

/* Begin PBXFrameworksBuildPhase section */
		6B9970441B82FE05003E8D87 /* Frameworks */ = {
			isa = PBXFrameworksBuildPhase;
			buildActionMask = 2147483647;
			files = (
				6B9970851B83161D003E8D87 /* MobileCoreServices.framework in Frameworks */,
				6B9970831B831614003E8D87 /* AudioToolbox.framework in Frameworks */,
				6B9970811B83160D003E8D87 /* CoreMedia.framework in Frameworks */,
				6B9970711B830061003E8D87 /* AVFoundation.framework in Frameworks */,
				6B99707F1B8315C8003E8D87 /* libCardIO.a in Frameworks */,
			);
			runOnlyForDeploymentPostprocessing = 0;
		};
		6B99705D1B82FE05003E8D87 /* Frameworks */ = {
			isa = PBXFrameworksBuildPhase;
			buildActionMask = 2147483647;
			files = (
			);
			runOnlyForDeploymentPostprocessing = 0;
		};
/* End PBXFrameworksBuildPhase section */

/* Begin PBXGroup section */
		6B99703E1B82FE05003E8D87 = {
			isa = PBXGroup;
			children = (
				6B9970841B83161D003E8D87 /* MobileCoreServices.framework */,
				6B9970821B831614003E8D87 /* AudioToolbox.framework */,
				6B9970801B83160D003E8D87 /* CoreMedia.framework */,
				6B9970701B830061003E8D87 /* AVFoundation.framework */,
				6B9970491B82FE05003E8D87 /* KKScanner-OC */,
				6B9970631B82FE05003E8D87 /* KKScanner-OCTests */,
				6B9970481B82FE05003E8D87 /* Products */,
			);
			sourceTree = "<group>";
		};
		6B9970481B82FE05003E8D87 /* Products */ = {
			isa = PBXGroup;
			children = (
				6B9970471B82FE05003E8D87 /* KKScanner-OC.app */,
				6B9970601B82FE05003E8D87 /* KKScanner-OCTests.xctest */,
			);
			name = Products;
			sourceTree = "<group>";
		};
		6B9970491B82FE05003E8D87 /* KKScanner-OC */ = {
			isa = PBXGroup;
			children = (
				6B99704E1B82FE05003E8D87 /* AppDelegate.h */,
				6B99704F1B82FE05003E8D87 /* AppDelegate.m */,
				6B9970511B82FE05003E8D87 /* ViewController.h */,
				6B9970521B82FE05003E8D87 /* ViewController.m */,
				6B9970721B8314EE003E8D87 /* CardScannerController.h */,
				6B9970731B8314EE003E8D87 /* CardScannerController.m */,
				6B9970541B82FE05003E8D87 /* Main.storyboard */,
				6B9970571B82FE05003E8D87 /* Images.xcassets */,
				6B9970591B82FE05003E8D87 /* LaunchScreen.xib */,
				6B99704A1B82FE05003E8D87 /* Supporting Files */,
			);
			path = "KKScanner-OC";
			sourceTree = "<group>";
		};
		6B99704A1B82FE05003E8D87 /* Supporting Files */ = {
			isa = PBXGroup;
			children = (
				6B9970751B8315C8003E8D87 /* CardIO */,
				6B99704B1B82FE05003E8D87 /* Info.plist */,
				6B99704C1B82FE05003E8D87 /* main.m */,
			);
			name = "Supporting Files";
			sourceTree = "<group>";
		};
		6B9970631B82FE05003E8D87 /* KKScanner-OCTests */ = {
			isa = PBXGroup;
			children = (
				6B9970661B82FE05003E8D87 /* KKScanner_OCTests.m */,
				6B9970641B82FE05003E8D87 /* Supporting Files */,
			);
			path = "KKScanner-OCTests";
			sourceTree = "<group>";
		};
		6B9970641B82FE05003E8D87 /* Supporting Files */ = {
			isa = PBXGroup;
			children = (
				6B9970651B82FE05003E8D87 /* Info.plist */,
			);
			name = "Supporting Files";
			sourceTree = "<group>";
		};
		6B9970751B8315C8003E8D87 /* CardIO */ = {
			isa = PBXGroup;
			children = (
				6B9970761B8315C8003E8D87 /* CardIO.h */,
				6B9970771B8315C8003E8D87 /* CardIOCreditCardInfo.h */,
				6B9970781B8315C8003E8D87 /* CardIODetectionMode.h */,
				6B9970791B8315C8003E8D87 /* CardIOPaymentViewController.h */,
				6B99707A1B8315C8003E8D87 /* CardIOPaymentViewControllerDelegate.h */,
				6B99707B1B8315C8003E8D87 /* CardIOUtilities.h */,
				6B99707C1B8315C8003E8D87 /* CardIOView.h */,
				6B99707D1B8315C8003E8D87 /* CardIOViewDelegate.h */,
				6B99707E1B8315C8003E8D87 /* libCardIO.a */,
			);
			path = CardIO;
			sourceTree = "<group>";
		};
/* End PBXGroup section */

/* Begin PBXNativeTarget section */
		6B9970461B82FE05003E8D87 /* KKScanner-OC */ = {
			isa = PBXNativeTarget;
			buildConfigurationList = 6B99706A1B82FE05003E8D87 /* Build configuration list for PBXNativeTarget "KKScanner-OC" */;
			buildPhases = (
				6B9970431B82FE05003E8D87 /* Sources */,
				6B9970441B82FE05003E8D87 /* Frameworks */,
				6B9970451B82FE05003E8D87 /* Resources */,
			);
			buildRules = (
			);
			dependencies = (
			);
			name = "KKScanner-OC";
			productName = "KKScanner-OC";
			productReference = 6B9970471B82FE05003E8D87 /* KKScanner-OC.app */;
			productType = "com.apple.product-type.application";
		};
		6B99705F1B82FE05003E8D87 /* KKScanner-OCTests */ = {
			isa = PBXNativeTarget;
			buildConfigurationList = 6B99706D1B82FE05003E8D87 /* Build configuration list for PBXNativeTarget "KKScanner-OCTests" */;
			buildPhases = (
				6B99705C1B82FE05003E8D87 /* Sources */,
				6B99705D1B82FE05003E8D87 /* Frameworks */,
				6B99705E1B82FE05003E8D87 /* Resources */,
			);
			buildRules = (
			);
			dependencies = (
				6B9970621B82FE05003E8D87 /* PBXTargetDependency */,
			);
			name = "KKScanner-OCTests";
			productName = "KKScanner-OCTests";
			productReference = 6B9970601B82FE05003E8D87 /* KKScanner-OCTests.xctest */;
			productType = "com.apple.product-type.bundle.unit-test";
		};
/* End PBXNativeTarget section */

/* Begin PBXProject section */
		6B99703F1B82FE05003E8D87 /* Project object */ = {
			isa = PBXProject;
			attributes = {
				LastUpgradeCheck = 0640;
				ORGANIZATIONNAME = KellenYang;
				TargetAttributes = {
					6B9970461B82FE05003E8D87 = {
						CreatedOnToolsVersion = 6.4;
					};
					6B99705F1B82FE05003E8D87 = {
						CreatedOnToolsVersion = 6.4;
						TestTargetID = 6B9970461B82FE05003E8D87;
					};
				};
			};
			buildConfigurationList = 6B9970421B82FE05003E8D87 /* Build configuration list for PBXProject "KKScanner-OC" */;
			compatibilityVersion = "Xcode 3.2";
			developmentRegion = English;
			hasScannedForEncodings = 0;
			knownRegions = (
				en,
				Base,
			);
			mainGroup = 6B99703E1B82FE05003E8D87;
			productRefGroup = 6B9970481B82FE05003E8D87 /* Products */;
			projectDirPath = "";
			projectRoot = "";
			targets = (
				6B9970461B82FE05003E8D87 /* KKScanner-OC */,
				6B99705F1B82FE05003E8D87 /* KKScanner-OCTests */,
			);
		};
/* End PBXProject section */

/* Begin PBXResourcesBuildPhase section */
		6B9970451B82FE05003E8D87 /* Resources */ = {
			isa = PBXResourcesBuildPhase;
			buildActionMask = 2147483647;
			files = (
				6B9970561B82FE05003E8D87 /* Main.storyboard in Resources */,
				6B99705B1B82FE05003E8D87 /* LaunchScreen.xib in Resources */,
				6B9970581B82FE05003E8D87 /* Images.xcassets in Resources */,
			);
			runOnlyForDeploymentPostprocessing = 0;
		};
		6B99705E1B82FE05003E8D87 /* Resources */ = {
			isa = PBXResourcesBuildPhase;
			buildActionMask = 2147483647;
			files = (
			);
			runOnlyForDeploymentPostprocessing = 0;
		};
/* End PBXResourcesBuildPhase section */

/* Begin PBXSourcesBuildPhase section */
		6B9970431B82FE05003E8D87 /* Sources */ = {
			isa = PBXSourcesBuildPhase;
			buildActionMask = 2147483647;
			files = (
				6B9970531B82FE05003E8D87 /* ViewController.m in Sources */,
				6B9970501B82FE05003E8D87 /* AppDelegate.m in Sources */,
				6B9970741B8314EE003E8D87 /* CardScannerController.m in Sources */,
				6B99704D1B82FE05003E8D87 /* main.m in Sources */,
			);
			runOnlyForDeploymentPostprocessing = 0;
		};
		6B99705C1B82FE05003E8D87 /* Sources */ = {
			isa = PBXSourcesBuildPhase;
			buildActionMask = 2147483647;
			files = (
				6B9970671B82FE05003E8D87 /* KKScanner_OCTests.m in Sources */,
			);
			runOnlyForDeploymentPostprocessing = 0;
		};
/* End PBXSourcesBuildPhase section */

/* Begin PBXTargetDependency section */
		6B9970621B82FE05003E8D87 /* PBXTargetDependency */ = {
			isa = PBXTargetDependency;
			target = 6B9970461B82FE05003E8D87 /* KKScanner-OC */;
			targetProxy = 6B9970611B82FE05003E8D87 /* PBXContainerItemProxy */;
		};
/* End PBXTargetDependency section */

/* Begin PBXVariantGroup section */
		6B9970541B82FE05003E8D87 /* Main.storyboard */ = {
			isa = PBXVariantGroup;
			children = (
				6B9970551B82FE05003E8D87 /* Base */,
			);
			name = Main.storyboard;
			sourceTree = "<group>";
		};
		6B9970591B82FE05003E8D87 /* LaunchScreen.xib */ = {
			isa = PBXVariantGroup;
			children = (
				6B99705A1B82FE05003E8D87 /* Base */,
			);
			name = LaunchScreen.xib;
			sourceTree = "<group>";
		};
/* End PBXVariantGroup section */

/* Begin XCBuildConfiguration section */
		6B9970681B82FE05003E8D87 /* Debug */ = {
			isa = XCBuildConfiguration;
			buildSettings = {
				ALWAYS_SEARCH_USER_PATHS = NO;
				CLANG_CXX_LANGUAGE_STANDARD = "gnu++0x";
				CLANG_CXX_LIBRARY = "libc++";
				CLANG_ENABLE_MODULES = YES;
				CLANG_ENABLE_OBJC_ARC = YES;
				CLANG_WARN_BOOL_CONVERSION = YES;
				CLANG_WARN_CONSTANT_CONVERSION = YES;
				CLANG_WARN_DIRECT_OBJC_ISA_USAGE = YES_ERROR;
				CLANG_WARN_EMPTY_BODY = YES;
				CLANG_WARN_ENUM_CONVERSION = YES;
				CLANG_WARN_INT_CONVERSION = YES;
				CLANG_WARN_OBJC_ROOT_CLASS = YES_ERROR;
				CLANG_WARN_UNREACHABLE_CODE = YES;
				CLANG_WARN__DUPLICATE_METHOD_MATCH = YES;
				"CODE_SIGN_IDENTITY[sdk=iphoneos*]" = "iPhone Developer";
				COPY_PHASE_STRIP = NO;
				DEBUG_INFORMATION_FORMAT = "dwarf-with-dsym";
				ENABLE_STRICT_OBJC_MSGSEND = YES;
				GCC_C_LANGUAGE_STANDARD = gnu99;
				GCC_DYNAMIC_NO_PIC = NO;
				GCC_NO_COMMON_BLOCKS = YES;
				GCC_OPTIMIZATION_LEVEL = 0;
				GCC_PREPROCESSOR_DEFINITIONS = (
					"DEBUG=1",
					"$(inherited)",
				);
				GCC_SYMBOLS_PRIVATE_EXTERN = NO;
				GCC_WARN_64_TO_32_BIT_CONVERSION = YES;
				GCC_WARN_ABOUT_RETURN_TYPE = YES_ERROR;
				GCC_WARN_UNDECLARED_SELECTOR = YES;
				GCC_WARN_UNINITIALIZED_AUTOS = YES_AGGRESSIVE;
				GCC_WARN_UNUSED_FUNCTION = YES;
				GCC_WARN_UNUSED_VARIABLE = YES;
				IPHONEOS_DEPLOYMENT_TARGET = 8.4;
				MTL_ENABLE_DEBUG_INFO = YES;
				ONLY_ACTIVE_ARCH = YES;
				SDKROOT = iphoneos;
				TARGETED_DEVICE_FAMILY = "1,2";
			};
			name = Debug;
		};
		6B9970691B82FE05003E8D87 /* Release */ = {
			isa = XCBuildConfiguration;
			buildSettings = {
				ALWAYS_SEARCH_USER_PATHS = NO;
				CLANG_CXX_LANGUAGE_STANDARD = "gnu++0x";
				CLANG_CXX_LIBRARY = "libc++";
				CLANG_ENABLE_MODULES = YES;
				CLANG_ENABLE_OBJC_ARC = YES;
				CLANG_WARN_BOOL_CONVERSION = YES;
				CLANG_WARN_CONSTANT_CONVERSION = YES;
				CLANG_WARN_DIRECT_OBJC_ISA_USAGE = YES_ERROR;
				CLANG_WARN_EMPTY_BODY = YES;
				CLANG_WARN_ENUM_CONVERSION = YES;
				CLANG_WARN_INT_CONVERSION = YES;
				CLANG_WARN_OBJC_ROOT_CLASS = YES_ERROR;
				CLANG_WARN_UNREACHABLE_CODE = YES;
				CLANG_WARN__DUPLICATE_METHOD_MATCH = YES;
				"CODE_SIGN_IDENTITY[sdk=iphoneos*]" = "iPhone Developer";
				COPY_PHASE_STRIP = NO;
				DEBUG_INFORMATION_FORMAT = "dwarf-with-dsym";
				ENABLE_NS_ASSERTIONS = NO;
				ENABLE_STRICT_OBJC_MSGSEND = YES;
				GCC_C_LANGUAGE_STANDARD = gnu99;
				GCC_NO_COMMON_BLOCKS = YES;
				GCC_WARN_64_TO_32_BIT_CONVERSION = YES;
				GCC_WARN_ABOUT_RETURN_TYPE = YES_ERROR;
				GCC_WARN_UNDECLARED_SELECTOR = YES;
				GCC_WARN_UNINITIALIZED_AUTOS = YES_AGGRESSIVE;
				GCC_WARN_UNUSED_FUNCTION = YES;
				GCC_WARN_UNUSED_VARIABLE = YES;
				IPHONEOS_DEPLOYMENT_TARGET = 8.4;
				MTL_ENABLE_DEBUG_INFO = NO;
				SDKROOT = iphoneos;
				TARGETED_DEVICE_FAMILY = "1,2";
				VALIDATE_PRODUCT = YES;
			};
			name = Release;
		};
		6B99706B1B82FE05003E8D87 /* Debug */ = {
			isa = XCBuildConfiguration;
			buildSettings = {
				ASSETCATALOG_COMPILER_APPICON_NAME = AppIcon;
				INFOPLIST_FILE = "KKScanner-OC/Info.plist";
				LD_RUNPATH_SEARCH_PATHS = "$(inherited) @executable_path/Frameworks";
				LIBRARY_SEARCH_PATHS = (
					"$(inherited)",
					"$(PROJECT_DIR)/KKScanner-OC/CardIO",
				);
				OTHER_LDFLAGS = "-lc++";
				PRODUCT_NAME = "$(TARGET_NAME)";
			};
			name = Debug;
		};
		6B99706C1B82FE05003E8D87 /* Release */ = {
			isa = XCBuildConfiguration;
			buildSettings = {
				ASSETCATALOG_COMPILER_APPICON_NAME = AppIcon;
				INFOPLIST_FILE = "KKScanner-OC/Info.plist";
				LD_RUNPATH_SEARCH_PATHS = "$(inherited) @executable_path/Frameworks";
				LIBRARY_SEARCH_PATHS = (
					"$(inherited)",
					"$(PROJECT_DIR)/KKScanner-OC/CardIO",
				);
				OTHER_LDFLAGS = "-lc++";
				PRODUCT_NAME = "$(TARGET_NAME)";
			};
			name = Release;
		};
		6B99706E1B82FE05003E8D87 /* Debug */ = {
			isa = XCBuildConfiguration;
			buildSettings = {
				BUNDLE_LOADER = "$(TEST_HOST)";
				FRAMEWORK_SEARCH_PATHS = (
					"$(SDKROOT)/Developer/Library/Frameworks",
					"$(inherited)",
				);
				GCC_PREPROCESSOR_DEFINITIONS = (
					"DEBUG=1",
					"$(inherited)",
				);
				INFOPLIST_FILE = "KKScanner-OCTests/Info.plist";
				LD_RUNPATH_SEARCH_PATHS = "$(inherited) @executable_path/Frameworks @loader_path/Frameworks";
				PRODUCT_NAME = "$(TARGET_NAME)";
				TEST_HOST = "$(BUILT_PRODUCTS_DIR)/KKScanner-OC.app/KKScanner-OC";
			};
			name = Debug;
		};
		6B99706F1B82FE05003E8D87 /* Release */ = {
			isa = XCBuildConfiguration;
			buildSettings = {
				BUNDLE_LOADER = "$(TEST_HOST)";
				FRAMEWORK_SEARCH_PATHS = (
					"$(SDKROOT)/Developer/Library/Frameworks",
					"$(inherited)",
				);
				INFOPLIST_FILE = "KKScanner-OCTests/Info.plist";
				LD_RUNPATH_SEARCH_PATHS = "$(inherited) @executable_path/Frameworks @loader_path/Frameworks";
				PRODUCT_NAME = "$(TARGET_NAME)";
				TEST_HOST = "$(BUILT_PRODUCTS_DIR)/KKScanner-OC.app/KKScanner-OC";
			};
			name = Release;
		};
/* End XCBuildConfiguration section */

/* Begin XCConfigurationList section */
		6B9970421B82FE05003E8D87 /* Build configuration list for PBXProject "KKScanner-OC" */ = {
			isa = XCConfigurationList;
			buildConfigurations = (
				6B9970681B82FE05003E8D87 /* Debug */,
				6B9970691B82FE05003E8D87 /* Release */,
			);
			defaultConfigurationIsVisible = 0;
			defaultConfigurationName = Release;
		};
		6B99706A1B82FE05003E8D87 /* Build configuration list for PBXNativeTarget "KKScanner-OC" */ = {
			isa = XCConfigurationList;
			buildConfigurations = (
				6B99706B1B82FE05003E8D87 /* Debug */,
				6B99706C1B82FE05003E8D87 /* Release */,
			);
			defaultConfigurationIsVisible = 0;
		};
		6B99706D1B82FE05003E8D87 /* Build configuration list for PBXNativeTarget "KKScanner-OCTests" */ = {
			isa = XCConfigurationList;
			buildConfigurations = (
				6B99706E1B82FE05003E8D87 /* Debug */,
				6B99706F1B82FE05003E8D87 /* Release */,
			);
			defaultConfigurationIsVisible = 0;
		};
/* End XCConfigurationList section */
	};
	rootObject = 6B99703F1B82FE05003E8D87 /* Project object */;
}
