// !$*UTF8*$!
{
	archiveVersion = 1;
	classes = {
	};
	objectVersion = 46;
	objects = {

/* Begin PBXBuildFile section */
		EE89D52B1B7655B100B10029 /* AppDelegate.swift in Sources */ = {isa = PBXBuildFile; fileRef = EE89D52A1B7655B100B10029 /* AppDelegate.swift */; };
		EE89D52D1B7655B100B10029 /* ViewController.swift in Sources */ = {isa = PBXBuildFile; fileRef = EE89D52C1B7655B100B10029 /* ViewController.swift */; };
		EE89D5301B7655B100B10029 /* Main.storyboard in Resources */ = {isa = PBXBuildFile; fileRef = EE89D52E1B7655B100B10029 /* Main.storyboard */; };
		EE89D5321B7655B100B10029 /* Assets.xcassets in Resources */ = {isa = PBXBuildFile; fileRef = EE89D5311B7655B100B10029 /* Assets.xcassets */; };
		EE89D5351B7655B100B10029 /* LaunchScreen.storyboard in Resources */ = {isa = PBXBuildFile; fileRef = EE89D5331B7655B100B10029 /* LaunchScreen.storyboard */; };
		EE89D5401B7655B100B10029 /* KKQeccodeTests.swift in Sources */ = {isa = PBXBuildFile; fileRef = EE89D53F1B7655B100B10029 /* KKQeccodeTests.swift */; };
		EE89D54B1B7655B100B10029 /* KKQeccodeUITests.swift in Sources */ = {isa = PBXBuildFile; fileRef = EE89D54A1B7655B100B10029 /* KKQeccodeUITests.swift */; };
/* End PBXBuildFile section */

/* Begin PBXContainerItemProxy section */
		EE89D53C1B7655B100B10029 /* PBXContainerItemProxy */ = {
			isa = PBXContainerItemProxy;
			containerPortal = EE89D51F1B7655B100B10029 /* Project object */;
			proxyType = 1;
			remoteGlobalIDString = EE89D5261B7655B100B10029;
			remoteInfo = KKQeccode;
		};
		EE89D5471B7655B100B10029 /* PBXContainerItemProxy */ = {
			isa = PBXContainerItemProxy;
			containerPortal = EE89D51F1B7655B100B10029 /* Project object */;
			proxyType = 1;
			remoteGlobalIDString = EE89D5261B7655B100B10029;
			remoteInfo = KKQeccode;
		};
/* End PBXContainerItemProxy section */

/* Begin PBXFileReference section */
		EE89D5271B7655B100B10029 /* KKQeccode.app */ = {isa = PBXFileReference; explicitFileType = wrapper.application; includeInIndex = 0; path = KKQeccode.app; sourceTree = BUILT_PRODUCTS_DIR; };
		EE89D52A1B7655B100B10029 /* AppDelegate.swift */ = {isa = PBXFileReference; lastKnownFileType = sourcecode.swift; path = AppDelegate.swift; sourceTree = "<group>"; };
		EE89D52C1B7655B100B10029 /* ViewController.swift */ = {isa = PBXFileReference; lastKnownFileType = sourcecode.swift; path = ViewController.swift; sourceTree = "<group>"; };
		EE89D52F1B7655B100B10029 /* Base */ = {isa = PBXFileReference; lastKnownFileType = file.storyboard; name = Base; path = Base.lproj/Main.storyboard; sourceTree = "<group>"; };
		EE89D5311B7655B100B10029 /* Assets.xcassets */ = {isa = PBXFileReference; lastKnownFileType = folder.assetcatalog; path = Assets.xcassets; sourceTree = "<group>"; };
		EE89D5341B7655B100B10029 /* Base */ = {isa = PBXFileReference; lastKnownFileType = file.storyboard; name = Base; path = Base.lproj/LaunchScreen.storyboard; sourceTree = "<group>"; };
		EE89D5361B7655B100B10029 /* Info.plist */ = {isa = PBXFileReference; lastKnownFileType = text.plist.xml; path = Info.plist; sourceTree = "<group>"; };
		EE89D53B1B7655B100B10029 /* KKQeccodeTests.xctest */ = {isa = PBXFileReference; explicitFileType = wrapper.cfbundle; includeInIndex = 0; path = KKQeccodeTests.xctest; sourceTree = BUILT_PRODUCTS_DIR; };
		EE89D53F1B7655B100B10029 /* KKQeccodeTests.swift */ = {isa = PBXFileReference; lastKnownFileType = sourcecode.swift; path = KKQeccodeTests.swift; sourceTree = "<group>"; };
		EE89D5411B7655B100B10029 /* Info.plist */ = {isa = PBXFileReference; lastKnownFileType = text.plist.xml; path = Info.plist; sourceTree = "<group>"; };
		EE89D5461B7655B100B10029 /* KKQeccodeUITests.xctest */ = {isa = PBXFileReference; explicitFileType = wrapper.cfbundle; includeInIndex = 0; path = KKQeccodeUITests.xctest; sourceTree = BUILT_PRODUCTS_DIR; };
		EE89D54A1B7655B100B10029 /* KKQeccodeUITests.swift */ = {isa = PBXFileReference; lastKnownFileType = sourcecode.swift; path = KKQeccodeUITests.swift; sourceTree = "<group>"; };
		EE89D54C1B7655B100B10029 /* Info.plist */ = {isa = PBXFileReference; lastKnownFileType = text.plist.xml; path = Info.plist; sourceTree = "<group>"; };
/* End PBXFileReference section */

/* Begin PBXFrameworksBuildPhase section */
		EE89D5241B7655B100B10029 /* Frameworks */ = {
			isa = PBXFrameworksBuildPhase;
			buildActionMask = 2147483647;
			files = (
			);
			runOnlyForDeploymentPostprocessing = 0;
		};
		EE89D5381B7655B100B10029 /* Frameworks */ = {
			isa = PBXFrameworksBuildPhase;
			buildActionMask = 2147483647;
			files = (
			);
			runOnlyForDeploymentPostprocessing = 0;
		};
		EE89D5431B7655B100B10029 /* Frameworks */ = {
			isa = PBXFrameworksBuildPhase;
			buildActionMask = 2147483647;
			files = (
			);
			runOnlyForDeploymentPostprocessing = 0;
		};
/* End PBXFrameworksBuildPhase section */

/* Begin PBXGroup section */
		EE89D51E1B7655B100B10029 = {
			isa = PBXGroup;
			children = (
				EE89D5291B7655B100B10029 /* KKQeccode */,
				EE89D53E1B7655B100B10029 /* KKQeccodeTests */,
				EE89D5491B7655B100B10029 /* KKQeccodeUITests */,
				EE89D5281B7655B100B10029 /* Products */,
			);
			sourceTree = "<group>";
		};
		EE89D5281B7655B100B10029 /* Products */ = {
			isa = PBXGroup;
			children = (
				EE89D5271B7655B100B10029 /* KKQeccode.app */,
				EE89D53B1B7655B100B10029 /* KKQeccodeTests.xctest */,
				EE89D5461B7655B100B10029 /* KKQeccodeUITests.xctest */,
			);
			name = Products;
			sourceTree = "<group>";
		};
		EE89D5291B7655B100B10029 /* KKQeccode */ = {
			isa = PBXGroup;
			children = (
				EE89D52A1B7655B100B10029 /* AppDelegate.swift */,
				EE89D52C1B7655B100B10029 /* ViewController.swift */,
				EE89D52E1B7655B100B10029 /* Main.storyboard */,
				EE89D5311B7655B100B10029 /* Assets.xcassets */,
				EE89D5331B7655B100B10029 /* LaunchScreen.storyboard */,
				EE89D5361B7655B100B10029 /* Info.plist */,
			);
			path = KKQeccode;
			sourceTree = "<group>";
		};
		EE89D53E1B7655B100B10029 /* KKQeccodeTests */ = {
			isa = PBXGroup;
			children = (
				EE89D53F1B7655B100B10029 /* KKQeccodeTests.swift */,
				EE89D5411B7655B100B10029 /* Info.plist */,
			);
			path = KKQeccodeTests;
			sourceTree = "<group>";
		};
		EE89D5491B7655B100B10029 /* KKQeccodeUITests */ = {
			isa = PBXGroup;
			children = (
				EE89D54A1B7655B100B10029 /* KKQeccodeUITests.swift */,
				EE89D54C1B7655B100B10029 /* Info.plist */,
			);
			path = KKQeccodeUITests;
			sourceTree = "<group>";
		};
/* End PBXGroup section */

/* Begin PBXNativeTarget section */
		EE89D5261B7655B100B10029 /* KKQeccode */ = {
			isa = PBXNativeTarget;
			buildConfigurationList = EE89D54F1B7655B100B10029 /* Build configuration list for PBXNativeTarget "KKQeccode" */;
			buildPhases = (
				EE89D5231B7655B100B10029 /* Sources */,
				EE89D5241B7655B100B10029 /* Frameworks */,
				EE89D5251B7655B100B10029 /* Resources */,
			);
			buildRules = (
			);
			dependencies = (
			);
			name = KKQeccode;
			productName = KKQeccode;
			productReference = EE89D5271B7655B100B10029 /* KKQeccode.app */;
			productType = "com.apple.product-type.application";
		};
		EE89D53A1B7655B100B10029 /* KKQeccodeTests */ = {
			isa = PBXNativeTarget;
			buildConfigurationList = EE89D5521B7655B100B10029 /* Build configuration list for PBXNativeTarget "KKQeccodeTests" */;
			buildPhases = (
				EE89D5371B7655B100B10029 /* Sources */,
				EE89D5381B7655B100B10029 /* Frameworks */,
				EE89D5391B7655B100B10029 /* Resources */,
			);
			buildRules = (
			);
			dependencies = (
				EE89D53D1B7655B100B10029 /* PBXTargetDependency */,
			);
			name = KKQeccodeTests;
			productName = KKQeccodeTests;
			productReference = EE89D53B1B7655B100B10029 /* KKQeccodeTests.xctest */;
			productType = "com.apple.product-type.bundle.unit-test";
		};
		EE89D5451B7655B100B10029 /* KKQeccodeUITests */ = {
			isa = PBXNativeTarget;
			buildConfigurationList = EE89D5551B7655B100B10029 /* Build configuration list for PBXNativeTarget "KKQeccodeUITests" */;
			buildPhases = (
				EE89D5421B7655B100B10029 /* Sources */,
				EE89D5431B7655B100B10029 /* Frameworks */,
				EE89D5441B7655B100B10029 /* Resources */,
			);
			buildRules = (
			);
			dependencies = (
				EE89D5481B7655B100B10029 /* PBXTargetDependency */,
			);
			name = KKQeccodeUITests;
			productName = KKQeccodeUITests;
			productReference = EE89D5461B7655B100B10029 /* KKQeccodeUITests.xctest */;
			productType = "com.apple.product-type.bundle.ui-testing";
		};
/* End PBXNativeTarget section */

/* Begin PBXProject section */
		EE89D51F1B7655B100B10029 /* Project object */ = {
			isa = PBXProject;
			attributes = {
				LastUpgradeCheck = 0700;
				ORGANIZATIONNAME = KellenYang;
				TargetAttributes = {
					EE89D5261B7655B100B10029 = {
						CreatedOnToolsVersion = 7.0;
					};
					EE89D53A1B7655B100B10029 = {
						CreatedOnToolsVersion = 7.0;
						TestTargetID = EE89D5261B7655B100B10029;
					};
					EE89D5451B7655B100B10029 = {
						CreatedOnToolsVersion = 7.0;
						TestTargetID = EE89D5261B7655B100B10029;
					};
				};
			};
			buildConfigurationList = EE89D5221B7655B100B10029 /* Build configuration list for PBXProject "KKQeccode" */;
			compatibilityVersion = "Xcode 3.2";
			developmentRegion = English;
			hasScannedForEncodings = 0;
			knownRegions = (
				en,
				Base,
			);
			mainGroup = EE89D51E1B7655B100B10029;
			productRefGroup = EE89D5281B7655B100B10029 /* Products */;
			projectDirPath = "";
			projectRoot = "";
			targets = (
				EE89D5261B7655B100B10029 /* KKQeccode */,
				EE89D53A1B7655B100B10029 /* KKQeccodeTests */,
				EE89D5451B7655B100B10029 /* KKQeccodeUITests */,
			);
		};
/* End PBXProject section */

/* Begin PBXResourcesBuildPhase section */
		EE89D5251B7655B100B10029 /* Resources */ = {
			isa = PBXResourcesBuildPhase;
			buildActionMask = 2147483647;
			files = (
				EE89D5351B7655B100B10029 /* LaunchScreen.storyboard in Resources */,
				EE89D5321B7655B100B10029 /* Assets.xcassets in Resources */,
				EE89D5301B7655B100B10029 /* Main.storyboard in Resources */,
			);
			runOnlyForDeploymentPostprocessing = 0;
		};
		EE89D5391B7655B100B10029 /* Resources */ = {
			isa = PBXResourcesBuildPhase;
			buildActionMask = 2147483647;
			files = (
			);
			runOnlyForDeploymentPostprocessing = 0;
		};
		EE89D5441B7655B100B10029 /* Resources */ = {
			isa = PBXResourcesBuildPhase;
			buildActionMask = 2147483647;
			files = (
			);
			runOnlyForDeploymentPostprocessing = 0;
		};
/* End PBXResourcesBuildPhase section */

/* Begin PBXSourcesBuildPhase section */
		EE89D5231B7655B100B10029 /* Sources */ = {
			isa = PBXSourcesBuildPhase;
			buildActionMask = 2147483647;
			files = (
				EE89D52D1B7655B100B10029 /* ViewController.swift in Sources */,
				EE89D52B1B7655B100B10029 /* AppDelegate.swift in Sources */,
			);
			runOnlyForDeploymentPostprocessing = 0;
		};
		EE89D5371B7655B100B10029 /* Sources */ = {
			isa = PBXSourcesBuildPhase;
			buildActionMask = 2147483647;
			files = (
				EE89D5401B7655B100B10029 /* KKQeccodeTests.swift in Sources */,
			);
			runOnlyForDeploymentPostprocessing = 0;
		};
		EE89D5421B7655B100B10029 /* Sources */ = {
			isa = PBXSourcesBuildPhase;
			buildActionMask = 2147483647;
			files = (
				EE89D54B1B7655B100B10029 /* KKQeccodeUITests.swift in Sources */,
			);
			runOnlyForDeploymentPostprocessing = 0;
		};
/* End PBXSourcesBuildPhase section */

/* Begin PBXTargetDependency section */
		EE89D53D1B7655B100B10029 /* PBXTargetDependency */ = {
			isa = PBXTargetDependency;
			target = EE89D5261B7655B100B10029 /* KKQeccode */;
			targetProxy = EE89D53C1B7655B100B10029 /* PBXContainerItemProxy */;
		};
		EE89D5481B7655B100B10029 /* PBXTargetDependency */ = {
			isa = PBXTargetDependency;
			target = EE89D5261B7655B100B10029 /* KKQeccode */;
			targetProxy = EE89D5471B7655B100B10029 /* PBXContainerItemProxy */;
		};
/* End PBXTargetDependency section */

/* Begin PBXVariantGroup section */
		EE89D52E1B7655B100B10029 /* Main.storyboard */ = {
			isa = PBXVariantGroup;
			children = (
				EE89D52F1B7655B100B10029 /* Base */,
			);
			name = Main.storyboard;
			sourceTree = "<group>";
		};
		EE89D5331B7655B100B10029 /* LaunchScreen.storyboard */ = {
			isa = PBXVariantGroup;
			children = (
				EE89D5341B7655B100B10029 /* Base */,
			);
			name = LaunchScreen.storyboard;
			sourceTree = "<group>";
		};
/* End PBXVariantGroup section */

/* Begin XCBuildConfiguration section */
		EE89D54D1B7655B100B10029 /* Debug */ = {
			isa = XCBuildConfiguration;
			buildSettings = {
				ALWAYS_SEARCH_USER_PATHS = NO;
				CLANG_CXX_LANGUAGE_STANDARD = "gnu++0x";
				CLANG_CXX_LIBRARY = "libc++";
				CLANG_ENABLE_MODULES = YES;
				CLANG_ENABLE_OBJC_ARC = YES;
				CLANG_WARN_BOOL_CONVERSION = YES;
				CLANG_WARN_CONSTANT_CONVERSION = YES;
				CLANG_WARN_DIRECT_OBJC_ISA_USAGE = YES_ERROR;
				CLANG_WARN_EMPTY_BODY = YES;
				CLANG_WARN_ENUM_CONVERSION = YES;
				CLANG_WARN_INT_CONVERSION = YES;
				CLANG_WARN_OBJC_ROOT_CLASS = YES_ERROR;
				CLANG_WARN_UNREACHABLE_CODE = YES;
				CLANG_WARN__DUPLICATE_METHOD_MATCH = YES;
				"CODE_SIGN_IDENTITY[sdk=iphoneos*]" = "iPhone Developer";
				COPY_PHASE_STRIP = NO;
				DEBUG_INFORMATION_FORMAT = dwarf;
				ENABLE_STRICT_OBJC_MSGSEND = YES;
				ENABLE_TESTABILITY = YES;
				GCC_C_LANGUAGE_STANDARD = gnu99;
				GCC_DYNAMIC_NO_PIC = NO;
				GCC_NO_COMMON_BLOCKS = YES;
				GCC_OPTIMIZATION_LEVEL = 0;
				GCC_PREPROCESSOR_DEFINITIONS = (
					"DEBUG=1",
					"$(inherited)",
				);
				GCC_WARN_64_TO_32_BIT_CONVERSION = YES;
				GCC_WARN_ABOUT_RETURN_TYPE = YES_ERROR;
				GCC_WARN_UNDECLARED_SELECTOR = YES;
				GCC_WARN_UNINITIALIZED_AUTOS = YES_AGGRESSIVE;
				GCC_WARN_UNUSED_FUNCTION = YES;
				GCC_WARN_UNUSED_VARIABLE = YES;
				IPHONEOS_DEPLOYMENT_TARGET = 9.0;
				MTL_ENABLE_DEBUG_INFO = YES;
				ONLY_ACTIVE_ARCH = YES;
				SDKROOT = iphoneos;
				SWIFT_OPTIMIZATION_LEVEL = "-Onone";
				TARGETED_DEVICE_FAMILY = "1,2";
			};
			name = Debug;
		};
		EE89D54E1B7655B100B10029 /* Release */ = {
			isa = XCBuildConfiguration;
			buildSettings = {
				ALWAYS_SEARCH_USER_PATHS = NO;
				CLANG_CXX_LANGUAGE_STANDARD = "gnu++0x";
				CLANG_CXX_LIBRARY = "libc++";
				CLANG_ENABLE_MODULES = YES;
				CLANG_ENABLE_OBJC_ARC = YES;
				CLANG_WARN_BOOL_CONVERSION = YES;
				CLANG_WARN_CONSTANT_CONVERSION = YES;
				CLANG_WARN_DIRECT_OBJC_ISA_USAGE = YES_ERROR;
				CLANG_WARN_EMPTY_BODY = YES;
				CLANG_WARN_ENUM_CONVERSION = YES;
				CLANG_WARN_INT_CONVERSION = YES;
				CLANG_WARN_OBJC_ROOT_CLASS = YES_ERROR;
				CLANG_WARN_UNREACHABLE_CODE = YES;
				CLANG_WARN__DUPLICATE_METHOD_MATCH = YES;
				"CODE_SIGN_IDENTITY[sdk=iphoneos*]" = "iPhone Developer";
				COPY_PHASE_STRIP = NO;
				DEBUG_INFORMATION_FORMAT = "dwarf-with-dsym";
				ENABLE_NS_ASSERTIONS = NO;
				ENABLE_STRICT_OBJC_MSGSEND = YES;
				GCC_C_LANGUAGE_STANDARD = gnu99;
				GCC_NO_COMMON_BLOCKS = YES;
				GCC_WARN_64_TO_32_BIT_CONVERSION = YES;
				GCC_WARN_ABOUT_RETURN_TYPE = YES_ERROR;
				GCC_WARN_UNDECLARED_SELECTOR = YES;
				GCC_WARN_UNINITIALIZED_AUTOS = YES_AGGRESSIVE;
				GCC_WARN_UNUSED_FUNCTION = YES;
				GCC_WARN_UNUSED_VARIABLE = YES;
				IPHONEOS_DEPLOYMENT_TARGET = 9.0;
				MTL_ENABLE_DEBUG_INFO = NO;
				SDKROOT = iphoneos;
				TARGETED_DEVICE_FAMILY = "1,2";
				VALIDATE_PRODUCT = YES;
			};
			name = Release;
		};
		EE89D5501B7655B100B10029 /* Debug */ = {
			isa = XCBuildConfiguration;
			buildSettings = {
				ASSETCATALOG_COMPILER_APPICON_NAME = AppIcon;
				INFOPLIST_FILE = KKQeccode/Info.plist;
				LD_RUNPATH_SEARCH_PATHS = "$(inherited) @executable_path/Frameworks";
				PRODUCT_BUNDLE_IDENTIFIER = OneMaybe.KKQeccode;
				PRODUCT_NAME = "$(TARGET_NAME)";
			};
			name = Debug;
		};
		EE89D5511B7655B100B10029 /* Release */ = {
			isa = XCBuildConfiguration;
			buildSettings = {
				ASSETCATALOG_COMPILER_APPICON_NAME = AppIcon;
				INFOPLIST_FILE = KKQeccode/Info.plist;
				LD_RUNPATH_SEARCH_PATHS = "$(inherited) @executable_path/Frameworks";
				PRODUCT_BUNDLE_IDENTIFIER = OneMaybe.KKQeccode;
				PRODUCT_NAME = "$(TARGET_NAME)";
			};
			name = Release;
		};
		EE89D5531B7655B100B10029 /* Debug */ = {
			isa = XCBuildConfiguration;
			buildSettings = {
				BUNDLE_LOADER = "$(TEST_HOST)";
				INFOPLIST_FILE = KKQeccodeTests/Info.plist;
				LD_RUNPATH_SEARCH_PATHS = "$(inherited) @executable_path/Frameworks @loader_path/Frameworks";
				PRODUCT_BUNDLE_IDENTIFIER = OneMaybe.KKQeccodeTests;
				PRODUCT_NAME = "$(TARGET_NAME)";
				TEST_HOST = "$(BUILT_PRODUCTS_DIR)/KKQeccode.app/KKQeccode";
			};
			name = Debug;
		};
		EE89D5541B7655B100B10029 /* Release */ = {
			isa = XCBuildConfiguration;
			buildSettings = {
				BUNDLE_LOADER = "$(TEST_HOST)";
				INFOPLIST_FILE = KKQeccodeTests/Info.plist;
				LD_RUNPATH_SEARCH_PATHS = "$(inherited) @executable_path/Frameworks @loader_path/Frameworks";
				PRODUCT_BUNDLE_IDENTIFIER = OneMaybe.KKQeccodeTests;
				PRODUCT_NAME = "$(TARGET_NAME)";
				TEST_HOST = "$(BUILT_PRODUCTS_DIR)/KKQeccode.app/KKQeccode";
			};
			name = Release;
		};
		EE89D5561B7655B100B10029 /* Debug */ = {
			isa = XCBuildConfiguration;
			buildSettings = {
				INFOPLIST_FILE = KKQeccodeUITests/Info.plist;
				LD_RUNPATH_SEARCH_PATHS = "$(inherited) @executable_path/Frameworks @loader_path/Frameworks";
				PRODUCT_BUNDLE_IDENTIFIER = OneMaybe.KKQeccodeUITests;
				PRODUCT_NAME = "$(TARGET_NAME)";
				TEST_TARGET_NAME = KKQeccode;
				USES_XCTRUNNER = YES;
			};
			name = Debug;
		};
		EE89D5571B7655B100B10029 /* Release */ = {
			isa = XCBuildConfiguration;
			buildSettings = {
				INFOPLIST_FILE = KKQeccodeUITests/Info.plist;
				LD_RUNPATH_SEARCH_PATHS = "$(inherited) @executable_path/Frameworks @loader_path/Frameworks";
				PRODUCT_BUNDLE_IDENTIFIER = OneMaybe.KKQeccodeUITests;
				PRODUCT_NAME = "$(TARGET_NAME)";
				TEST_TARGET_NAME = KKQeccode;
				USES_XCTRUNNER = YES;
			};
			name = Release;
		};
/* End XCBuildConfiguration section */

/* Begin XCConfigurationList section */
		EE89D5221B7655B100B10029 /* Build configuration list for PBXProject "KKQeccode" */ = {
			isa = XCConfigurationList;
			buildConfigurations = (
				EE89D54D1B7655B100B10029 /* Debug */,
				EE89D54E1B7655B100B10029 /* Release */,
			);
			defaultConfigurationIsVisible = 0;
			defaultConfigurationName = Release;
		};
		EE89D54F1B7655B100B10029 /* Build configuration list for PBXNativeTarget "KKQeccode" */ = {
			isa = XCConfigurationList;
			buildConfigurations = (
				EE89D5501B7655B100B10029 /* Debug */,
				EE89D5511B7655B100B10029 /* Release */,
			);
			defaultConfigurationIsVisible = 0;
		};
		EE89D5521B7655B100B10029 /* Build configuration list for PBXNativeTarget "KKQeccodeTests" */ = {
			isa = XCConfigurationList;
			buildConfigurations = (
				EE89D5531B7655B100B10029 /* Debug */,
				EE89D5541B7655B100B10029 /* Release */,
			);
			defaultConfigurationIsVisible = 0;
		};
		EE89D5551B7655B100B10029 /* Build configuration list for PBXNativeTarget "KKQeccodeUITests" */ = {
			isa = XCConfigurationList;
			buildConfigurations = (
				EE89D5561B7655B100B10029 /* Debug */,
				EE89D5571B7655B100B10029 /* Release */,
			);
			defaultConfigurationIsVisible = 0;
		};
/* End XCConfigurationList section */
	};
	rootObject = EE89D51F1B7655B100B10029 /* Project object */;
}
